
Microsoft Visual Studio Solution File, Format Version 12.00
# Visual Studio Version 17
VisualStudioVersion = 17.7.34024.191
MinimumVisualStudioVersion = 10.0.40219.1
Project("{FAE04EC0-301F-11D3-BF4B-00C04F79EFBC}") = "FL2023-Assignment1-orosalesalfaroalfaro", "FL2023-Assignment1-orosalesalfaroalfaro\FL2023-Assignment1-orosalesalfaroalfaro.csproj", "{140B7389-7DC7-41AC-9618-457647111035}"
EndProject
Global
	GlobalSection(SolutionConfigurationPlatforms) = preSolution
		Debug|Any CPU = Debug|Any CPU
		Release|Any CPU = Release|Any CPU
	EndGlobalSection
	GlobalSection(ProjectConfigurationPlatforms) = postSolution
		{140B7389-7DC7-41AC-9618-457647111035}.Debug|Any CPU.ActiveCfg = Debug|Any CPU
		{140B7389-7DC7-41AC-9618-457647111035}.Debug|Any CPU.Build.0 = Debug|Any CPU
		{140B7389-7DC7-41AC-9618-457647111035}.Release|Any CPU.ActiveCfg = Release|Any CPU
		{140B7389-7DC7-41AC-9618-457647111035}.Release|Any CPU.Build.0 = Release|Any CPU
	EndGlobalSection
	GlobalSection(SolutionProperties) = preSolution
		HideSolutionNode = FALSE
	EndGlobalSection
	GlobalSection(ExtensibilityGlobals) = postSolution
		SolutionGuid = {C2DB7901-F25E-47D5-AD6F-1176E99D661A}
	EndGlobalSection
EndGlobal
